
Microsoft Visual Studio Solution File, Format Version 12.00
# Visual Studio Version 17
VisualStudioVersion = 17.8.34511.84
MinimumVisualStudioVersion = 10.0.40219.1
Project("{FAE04EC0-301F-11D3-BF4B-00C04F79EFBC}") = "VatCalculator", "VatCalculator.csproj", "{520DE83D-053D-4E2C-BC04-88FA4C227965}"
EndProject
Global
	GlobalSection(SolutionConfigurationPlatforms) = preSolution
		Debug|Any CPU = Debug|Any CPU
		Release|Any CPU = Release|Any CPU
	EndGlobalSection
	GlobalSection(ProjectConfigurationPlatforms) = postSolution
		{520DE83D-053D-4E2C-BC04-88FA4C227965}.Debug|Any CPU.ActiveCfg = Debug|Any CPU
		{520DE83D-053D-4E2C-BC04-88FA4C227965}.Debug|Any CPU.Build.0 = Debug|Any CPU
		{520DE83D-053D-4E2C-BC04-88FA4C227965}.Release|Any CPU.ActiveCfg = Release|Any CPU
		{520DE83D-053D-4E2C-BC04-88FA4C227965}.Release|Any CPU.Build.0 = Release|Any CPU
	EndGlobalSection
	GlobalSection(SolutionProperties) = preSolution
		HideSolutionNode = FALSE
	EndGlobalSection
	GlobalSection(ExtensibilityGlobals) = postSolution
		SolutionGuid = {FAB7A007-847B-4CC9-9DA3-FF5E61E4C6D0}
	EndGlobalSection
EndGlobal
